
Microsoft Visual Studio Solution File, Format Version 12.00
# Visual Studio Version 17
Project("{8BC9CEB8-8B4A-11D0-8D11-00A0C91BC942}") = "ALL_BUILD", "ALL_BUILD.vcxproj", "{8DF0A8FC-5C49-3476-A1F8-A6AD51448EF7}"
	ProjectSection(ProjectDependencies) = postProject
		{A2548071-E708-3C99-9BB9-903020D239F3} = {A2548071-E708-3C99-9BB9-903020D239F3}
		{18E9B640-E7F2-3DF2-8094-DF3A9B834574} = {18E9B640-E7F2-3DF2-8094-DF3A9B834574}
	EndProjectSection
EndProject
Project("{8BC9CEB8-8B4A-11D0-8D11-00A0C91BC942}") = "ZERO_CHECK", "ZERO_CHECK.vcxproj", "{A2548071-E708-3C99-9BB9-903020D239F3}"
	ProjectSection(ProjectDependencies) = postProject
	EndProjectSection
EndProject
Project("{8BC9CEB8-8B4A-11D0-8D11-00A0C91BC942}") = "energy_monitor", "energy_monitor.vcxproj", "{18E9B640-E7F2-3DF2-8094-DF3A9B834574}"
	ProjectSection(ProjectDependencies) = postProject
		{A2548071-E708-3C99-9BB9-903020D239F3} = {A2548071-E708-3C99-9BB9-903020D239F3}
	EndProjectSection
EndProject
Global
	GlobalSection(SolutionConfigurationPlatforms) = preSolution
		Debug|x64 = Debug|x64
		Release|x64 = Release|x64
		MinSizeRel|x64 = MinSizeRel|x64
		RelWithDebInfo|x64 = RelWithDebInfo|x64
	EndGlobalSection
	GlobalSection(ProjectConfigurationPlatforms) = postSolution
		{8DF0A8FC-5C49-3476-A1F8-A6AD51448EF7}.Debug|x64.ActiveCfg = Debug|x64
		{8DF0A8FC-5C49-3476-A1F8-A6AD51448EF7}.Release|x64.ActiveCfg = Release|x64
		{8DF0A8FC-5C49-3476-A1F8-A6AD51448EF7}.MinSizeRel|x64.ActiveCfg = MinSizeRel|x64
		{8DF0A8FC-5C49-3476-A1F8-A6AD51448EF7}.RelWithDebInfo|x64.ActiveCfg = RelWithDebInfo|x64
		{A2548071-E708-3C99-9BB9-903020D239F3}.Debug|x64.ActiveCfg = Debug|x64
		{A2548071-E708-3C99-9BB9-903020D239F3}.Debug|x64.Build.0 = Debug|x64
		{A2548071-E708-3C99-9BB9-903020D239F3}.Release|x64.ActiveCfg = Release|x64
		{A2548071-E708-3C99-9BB9-903020D239F3}.Release|x64.Build.0 = Release|x64
		{A2548071-E708-3C99-9BB9-903020D239F3}.MinSizeRel|x64.ActiveCfg = MinSizeRel|x64
		{A2548071-E708-3C99-9BB9-903020D239F3}.MinSizeRel|x64.Build.0 = MinSizeRel|x64
		{A2548071-E708-3C99-9BB9-903020D239F3}.RelWithDebInfo|x64.ActiveCfg = RelWithDebInfo|x64
		{A2548071-E708-3C99-9BB9-903020D239F3}.RelWithDebInfo|x64.Build.0 = RelWithDebInfo|x64
		{18E9B640-E7F2-3DF2-8094-DF3A9B834574}.Debug|x64.ActiveCfg = Debug|x64
		{18E9B640-E7F2-3DF2-8094-DF3A9B834574}.Debug|x64.Build.0 = Debug|x64
		{18E9B640-E7F2-3DF2-8094-DF3A9B834574}.Release|x64.ActiveCfg = Release|x64
		{18E9B640-E7F2-3DF2-8094-DF3A9B834574}.Release|x64.Build.0 = Release|x64
		{18E9B640-E7F2-3DF2-8094-DF3A9B834574}.MinSizeRel|x64.ActiveCfg = MinSizeRel|x64
		{18E9B640-E7F2-3DF2-8094-DF3A9B834574}.MinSizeRel|x64.Build.0 = MinSizeRel|x64
		{18E9B640-E7F2-3DF2-8094-DF3A9B834574}.RelWithDebInfo|x64.ActiveCfg = RelWithDebInfo|x64
		{18E9B640-E7F2-3DF2-8094-DF3A9B834574}.RelWithDebInfo|x64.Build.0 = RelWithDebInfo|x64
	EndGlobalSection
	GlobalSection(ExtensibilityGlobals) = postSolution
		SolutionGuid = {611614D6-1B1E-377B-A0C3-8E6B1958DB5F}
	EndGlobalSection
	GlobalSection(ExtensibilityAddIns) = postSolution
	EndGlobalSection
EndGlobal
