<?xml version="1.0" encoding="utf-8"?>
<Project ToolsVersion="17.0" xmlns="http://schemas.microsoft.com/developer/msbuild/2003">
  <ItemGroup>
    <CustomBuild Include="D:\OmarProgramming\ELECTRICAL_POWER_CUFE\CMakeFiles\811e5b296e8e4305e1555e79706cd7e0\generate.stamp.rule">
      <Filter>CMake Rules</Filter>
    </CustomBuild>
  </ItemGroup>
  <ItemGroup>
    <Filter Include="CMake Rules">
      <UniqueIdentifier>{22EAE544-571D-3E13-AF56-BEE8DE207129}</UniqueIdentifier>
    </Filter>
  </ItemGroup>
</Project>
